// !$*UTF8*$!
{
	archiveVersion = 1;
	classes = {
	};
	objectVersion = 46;
	objects = {

/* Begin PBXBuildFile section */
		75603C641A8062B000D5577D /* AppDelegate.swift in Sources */ = {isa = PBXBuildFile; fileRef = 75603C631A8062B000D5577D /* AppDelegate.swift */; };
		75603C661A8062B000D5577D /* ViewController.swift in Sources */ = {isa = PBXBuildFile; fileRef = 75603C651A8062B000D5577D /* ViewController.swift */; };
		75603C691A8062B000D5577D /* Main.storyboard in Resources */ = {isa = PBXBuildFile; fileRef = 75603C671A8062B000D5577D /* Main.storyboard */; };
		75603C6B1A8062B000D5577D /* Images.xcassets in Resources */ = {isa = PBXBuildFile; fileRef = 75603C6A1A8062B000D5577D /* Images.xcassets */; };
		75603C6E1A8062B000D5577D /* LaunchScreen.xib in Resources */ = {isa = PBXBuildFile; fileRef = 75603C6C1A8062B000D5577D /* LaunchScreen.xib */; };
		75603C7A1A8062B000D5577D /* tipsTests.swift in Sources */ = {isa = PBXBuildFile; fileRef = 75603C791A8062B000D5577D /* tipsTests.swift */; };
		75A067CF1A80800100303C05 /* SettingsViewController.swift in Sources */ = {isa = PBXBuildFile; fileRef = 75A067CE1A80800100303C05 /* SettingsViewController.swift */; };
/* End PBXBuildFile section */

/* Begin PBXContainerItemProxy section */
		75603C741A8062B000D5577D /* PBXContainerItemProxy */ = {
			isa = PBXContainerItemProxy;
			containerPortal = 75603C561A8062AD00D5577D /* Project object */;
			proxyType = 1;
			remoteGlobalIDString = 75603C5D1A8062AD00D5577D;
			remoteInfo = tips;
		};
/* End PBXContainerItemProxy section */

/* Begin PBXFileReference section */
		75603C5E1A8062B000D5577D /* tips.app */ = {isa = PBXFileReference; explicitFileType = wrapper.application; includeInIndex = 0; path = tips.app; sourceTree = BUILT_PRODUCTS_DIR; };
		75603C621A8062B000D5577D /* Info.plist */ = {isa = PBXFileReference; lastKnownFileType = text.plist.xml; path = Info.plist; sourceTree = "<group>"; };
		75603C631A8062B000D5577D /* AppDelegate.swift */ = {isa = PBXFileReference; lastKnownFileType = sourcecode.swift; path = AppDelegate.swift; sourceTree = "<group>"; };
		75603C651A8062B000D5577D /* ViewController.swift */ = {isa = PBXFileReference; lastKnownFileType = sourcecode.swift; path = ViewController.swift; sourceTree = "<group>"; };
		75603C681A8062B000D5577D /* Base */ = {isa = PBXFileReference; lastKnownFileType = file.storyboard; name = Base; path = Base.lproj/Main.storyboard; sourceTree = "<group>"; };
		75603C6A1A8062B000D5577D /* Images.xcassets */ = {isa = PBXFileReference; lastKnownFileType = folder.assetcatalog; path = Images.xcassets; sourceTree = "<group>"; };
		75603C6D1A8062B000D5577D /* Base */ = {isa = PBXFileReference; lastKnownFileType = file.xib; name = Base; path = Base.lproj/LaunchScreen.xib; sourceTree = "<group>"; };
		75603C731A8062B000D5577D /* tipsTests.xctest */ = {isa = PBXFileReference; explicitFileType = wrapper.cfbundle; includeInIndex = 0; path = tipsTests.xctest; sourceTree = BUILT_PRODUCTS_DIR; };
		75603C781A8062B000D5577D /* Info.plist */ = {isa = PBXFileReference; lastKnownFileType = text.plist.xml; path = Info.plist; sourceTree = "<group>"; };
		75603C791A8062B000D5577D /* tipsTests.swift */ = {isa = PBXFileReference; lastKnownFileType = sourcecode.swift; path = tipsTests.swift; sourceTree = "<group>"; };
		75A067CE1A80800100303C05 /* SettingsViewController.swift */ = {isa = PBXFileReference; fileEncoding = 4; lastKnownFileType = sourcecode.swift; path = SettingsViewController.swift; sourceTree = "<group>"; };
/* End PBXFileReference section */

/* Begin PBXFrameworksBuildPhase section */
		75603C5B1A8062AD00D5577D /* Frameworks */ = {
			isa = PBXFrameworksBuildPhase;
			buildActionMask = 2147483647;
			files = (
			);
			runOnlyForDeploymentPostprocessing = 0;
		};
		75603C701A8062B000D5577D /* Frameworks */ = {
			isa = PBXFrameworksBuildPhase;
			buildActionMask = 2147483647;
			files = (
			);
			runOnlyForDeploymentPostprocessing = 0;
		};
/* End PBXFrameworksBuildPhase section */

/* Begin PBXGroup section */
		75603C551A8062AD00D5577D = {
			isa = PBXGroup;
			children = (
				75603C601A8062B000D5577D /* tips */,
				75603C761A8062B000D5577D /* tipsTests */,
				75603C5F1A8062B000D5577D /* Products */,
			);
			sourceTree = "<group>";
		};
		75603C5F1A8062B000D5577D /* Products */ = {
			isa = PBXGroup;
			children = (
				75603C5E1A8062B000D5577D /* tips.app */,
				75603C731A8062B000D5577D /* tipsTests.xctest */,
			);
			name = Products;
			sourceTree = "<group>";
		};
		75603C601A8062B000D5577D /* tips */ = {
			isa = PBXGroup;
			children = (
				75A067D01A80801400303C05 /* viewControllers */,
				75603C631A8062B000D5577D /* AppDelegate.swift */,
				75603C651A8062B000D5577D /* ViewController.swift */,
				75603C671A8062B000D5577D /* Main.storyboard */,
				75603C6A1A8062B000D5577D /* Images.xcassets */,
				75603C6C1A8062B000D5577D /* LaunchScreen.xib */,
				75603C611A8062B000D5577D /* Supporting Files */,
			);
			path = tips;
			sourceTree = "<group>";
		};
		75603C611A8062B000D5577D /* Supporting Files */ = {
			isa = PBXGroup;
			children = (
				75603C621A8062B000D5577D /* Info.plist */,
			);
			name = "Supporting Files";
			sourceTree = "<group>";
		};
		75603C761A8062B000D5577D /* tipsTests */ = {
			isa = PBXGroup;
			children = (
				75603C791A8062B000D5577D /* tipsTests.swift */,
				75603C771A8062B000D5577D /* Supporting Files */,
			);
			path = tipsTests;
			sourceTree = "<group>";
		};
		75603C771A8062B000D5577D /* Supporting Files */ = {
			isa = PBXGroup;
			children = (
				75603C781A8062B000D5577D /* Info.plist */,
			);
			name = "Supporting Files";
			sourceTree = "<group>";
		};
		75A067D01A80801400303C05 /* viewControllers */ = {
			isa = PBXGroup;
			children = (
				75A067CE1A80800100303C05 /* SettingsViewController.swift */,
			);
			name = viewControllers;
			sourceTree = "<group>";
		};
/* End PBXGroup section */

/* Begin PBXNativeTarget section */
		75603C5D1A8062AD00D5577D /* tips */ = {
			isa = PBXNativeTarget;
			buildConfigurationList = 75603C7D1A8062B000D5577D /* Build configuration list for PBXNativeTarget "tips" */;
			buildPhases = (
				75603C5A1A8062AD00D5577D /* Sources */,
				75603C5B1A8062AD00D5577D /* Frameworks */,
				75603C5C1A8062AD00D5577D /* Resources */,
			);
			buildRules = (
			);
			dependencies = (
			);
			name = tips;
			productName = tips;
			productReference = 75603C5E1A8062B000D5577D /* tips.app */;
			productType = "com.apple.product-type.application";
		};
		75603C721A8062B000D5577D /* tipsTests */ = {
			isa = PBXNativeTarget;
			buildConfigurationList = 75603C801A8062B000D5577D /* Build configuration list for PBXNativeTarget "tipsTests" */;
			buildPhases = (
				75603C6F1A8062B000D5577D /* Sources */,
				75603C701A8062B000D5577D /* Frameworks */,
				75603C711A8062B000D5577D /* Resources */,
			);
			buildRules = (
			);
			dependencies = (
				75603C751A8062B000D5577D /* PBXTargetDependency */,
			);
			name = tipsTests;
			productName = tipsTests;
			productReference = 75603C731A8062B000D5577D /* tipsTests.xctest */;
			productType = "com.apple.product-type.bundle.unit-test";
		};
/* End PBXNativeTarget section */

/* Begin PBXProject section */
		75603C561A8062AD00D5577D /* Project object */ = {
			isa = PBXProject;
			attributes = {
				LastUpgradeCheck = 0610;
				ORGANIZATIONNAME = "Katerina Simonova";
				TargetAttributes = {
					75603C5D1A8062AD00D5577D = {
						CreatedOnToolsVersion = 6.1.1;
					};
					75603C721A8062B000D5577D = {
						CreatedOnToolsVersion = 6.1.1;
						TestTargetID = 75603C5D1A8062AD00D5577D;
					};
				};
			};
			buildConfigurationList = 75603C591A8062AD00D5577D /* Build configuration list for PBXProject "tips" */;
			compatibilityVersion = "Xcode 3.2";
			developmentRegion = English;
			hasScannedForEncodings = 0;
			knownRegions = (
				en,
				Base,
			);
			mainGroup = 75603C551A8062AD00D5577D;
			productRefGroup = 75603C5F1A8062B000D5577D /* Products */;
			projectDirPath = "";
			projectRoot = "";
			targets = (
				75603C5D1A8062AD00D5577D /* tips */,
				75603C721A8062B000D5577D /* tipsTests */,
			);
		};
/* End PBXProject section */

/* Begin PBXResourcesBuildPhase section */
		75603C5C1A8062AD00D5577D /* Resources */ = {
			isa = PBXResourcesBuildPhase;
			buildActionMask = 2147483647;
			files = (
				75603C691A8062B000D5577D /* Main.storyboard in Resources */,
				75603C6E1A8062B000D5577D /* LaunchScreen.xib in Resources */,
				75603C6B1A8062B000D5577D /* Images.xcassets in Resources */,
			);
			runOnlyForDeploymentPostprocessing = 0;
		};
		75603C711A8062B000D5577D /* Resources */ = {
			isa = PBXResourcesBuildPhase;
			buildActionMask = 2147483647;
			files = (
			);
			runOnlyForDeploymentPostprocessing = 0;
		};
/* End PBXResourcesBuildPhase section */

/* Begin PBXSourcesBuildPhase section */
		75603C5A1A8062AD00D5577D /* Sources */ = {
			isa = PBXSourcesBuildPhase;
			buildActionMask = 2147483647;
			files = (
				75603C661A8062B000D5577D /* ViewController.swift in Sources */,
				75603C641A8062B000D5577D /* AppDelegate.swift in Sources */,
				75A067CF1A80800100303C05 /* SettingsViewController.swift in Sources */,
			);
			runOnlyForDeploymentPostprocessing = 0;
		};
		75603C6F1A8062B000D5577D /* Sources */ = {
			isa = PBXSourcesBuildPhase;
			buildActionMask = 2147483647;
			files = (
				75603C7A1A8062B000D5577D /* tipsTests.swift in Sources */,
			);
			runOnlyForDeploymentPostprocessing = 0;
		};
/* End PBXSourcesBuildPhase section */

/* Begin PBXTargetDependency section */
		75603C751A8062B000D5577D /* PBXTargetDependency */ = {
			isa = PBXTargetDependency;
			target = 75603C5D1A8062AD00D5577D /* tips */;
			targetProxy = 75603C741A8062B000D5577D /* PBXContainerItemProxy */;
		};
/* End PBXTargetDependency section */

/* Begin PBXVariantGroup section */
		75603C671A8062B000D5577D /* Main.storyboard */ = {
			isa = PBXVariantGroup;
			children = (
				75603C681A8062B000D5577D /* Base */,
			);
			name = Main.storyboard;
			sourceTree = "<group>";
		};
		75603C6C1A8062B000D5577D /* LaunchScreen.xib */ = {
			isa = PBXVariantGroup;
			children = (
				75603C6D1A8062B000D5577D /* Base */,
			);
			name = LaunchScreen.xib;
			sourceTree = "<group>";
		};
/* End PBXVariantGroup section */

/* Begin XCBuildConfiguration section */
		75603C7B1A8062B000D5577D /* Debug */ = {
			isa = XCBuildConfiguration;
			buildSettings = {
				ALWAYS_SEARCH_USER_PATHS = NO;
				CLANG_CXX_LANGUAGE_STANDARD = "gnu++0x";
				CLANG_CXX_LIBRARY = "libc++";
				CLANG_ENABLE_MODULES = YES;
				CLANG_ENABLE_OBJC_ARC = YES;
				CLANG_WARN_BOOL_CONVERSION = YES;
				CLANG_WARN_CONSTANT_CONVERSION = YES;
				CLANG_WARN_DIRECT_OBJC_ISA_USAGE = YES_ERROR;
				CLANG_WARN_EMPTY_BODY = YES;
				CLANG_WARN_ENUM_CONVERSION = YES;
				CLANG_WARN_INT_CONVERSION = YES;
				CLANG_WARN_OBJC_ROOT_CLASS = YES_ERROR;
				CLANG_WARN_UNREACHABLE_CODE = YES;
				CLANG_WARN__DUPLICATE_METHOD_MATCH = YES;
				"CODE_SIGN_IDENTITY[sdk=iphoneos*]" = "iPhone Developer";
				COPY_PHASE_STRIP = NO;
				ENABLE_STRICT_OBJC_MSGSEND = YES;
				GCC_C_LANGUAGE_STANDARD = gnu99;
				GCC_DYNAMIC_NO_PIC = NO;
				GCC_OPTIMIZATION_LEVEL = 0;
				GCC_PREPROCESSOR_DEFINITIONS = (
					"DEBUG=1",
					"$(inherited)",
				);
				GCC_SYMBOLS_PRIVATE_EXTERN = NO;
				GCC_WARN_64_TO_32_BIT_CONVERSION = YES;
				GCC_WARN_ABOUT_RETURN_TYPE = YES_ERROR;
				GCC_WARN_UNDECLARED_SELECTOR = YES;
				GCC_WARN_UNINITIALIZED_AUTOS = YES_AGGRESSIVE;
				GCC_WARN_UNUSED_FUNCTION = YES;
				GCC_WARN_UNUSED_VARIABLE = YES;
				IPHONEOS_DEPLOYMENT_TARGET = 8.1;
				MTL_ENABLE_DEBUG_INFO = YES;
				ONLY_ACTIVE_ARCH = YES;
				SDKROOT = iphoneos;
				SWIFT_OPTIMIZATION_LEVEL = "-Onone";
			};
			name = Debug;
		};
		75603C7C1A8062B000D5577D /* Release */ = {
			isa = XCBuildConfiguration;
			buildSettings = {
				ALWAYS_SEARCH_USER_PATHS = NO;
				CLANG_CXX_LANGUAGE_STANDARD = "gnu++0x";
				CLANG_CXX_LIBRARY = "libc++";
				CLANG_ENABLE_MODULES = YES;
				CLANG_ENABLE_OBJC_ARC = YES;
				CLANG_WARN_BOOL_CONVERSION = YES;
				CLANG_WARN_CONSTANT_CONVERSION = YES;
				CLANG_WARN_DIRECT_OBJC_ISA_USAGE = YES_ERROR;
				CLANG_WARN_EMPTY_BODY = YES;
				CLANG_WARN_ENUM_CONVERSION = YES;
				CLANG_WARN_INT_CONVERSION = YES;
				CLANG_WARN_OBJC_ROOT_CLASS = YES_ERROR;
				CLANG_WARN_UNREACHABLE_CODE = YES;
				CLANG_WARN__DUPLICATE_METHOD_MATCH = YES;
				"CODE_SIGN_IDENTITY[sdk=iphoneos*]" = "iPhone Developer";
				COPY_PHASE_STRIP = YES;
				ENABLE_NS_ASSERTIONS = NO;
				ENABLE_STRICT_OBJC_MSGSEND = YES;
				GCC_C_LANGUAGE_STANDARD = gnu99;
				GCC_WARN_64_TO_32_BIT_CONVERSION = YES;
				GCC_WARN_ABOUT_RETURN_TYPE = YES_ERROR;
				GCC_WARN_UNDECLARED_SELECTOR = YES;
				GCC_WARN_UNINITIALIZED_AUTOS = YES_AGGRESSIVE;
				GCC_WARN_UNUSED_FUNCTION = YES;
				GCC_WARN_UNUSED_VARIABLE = YES;
				IPHONEOS_DEPLOYMENT_TARGET = 8.1;
				MTL_ENABLE_DEBUG_INFO = NO;
				SDKROOT = iphoneos;
				VALIDATE_PRODUCT = YES;
			};
			name = Release;
		};
		75603C7E1A8062B000D5577D /* Debug */ = {
			isa = XCBuildConfiguration;
			buildSettings = {
				ASSETCATALOG_COMPILER_APPICON_NAME = AppIcon;
				INFOPLIST_FILE = tips/Info.plist;
				LD_RUNPATH_SEARCH_PATHS = "$(inherited) @executable_path/Frameworks";
				PRODUCT_NAME = "$(TARGET_NAME)";
			};
			name = Debug;
		};
		75603C7F1A8062B000D5577D /* Release */ = {
			isa = XCBuildConfiguration;
			buildSettings = {
				ASSETCATALOG_COMPILER_APPICON_NAME = AppIcon;
				INFOPLIST_FILE = tips/Info.plist;
				LD_RUNPATH_SEARCH_PATHS = "$(inherited) @executable_path/Frameworks";
				PRODUCT_NAME = "$(TARGET_NAME)";
			};
			name = Release;
		};
		75603C811A8062B000D5577D /* Debug */ = {
			isa = XCBuildConfiguration;
			buildSettings = {
				BUNDLE_LOADER = "$(TEST_HOST)";
				FRAMEWORK_SEARCH_PATHS = (
					"$(SDKROOT)/Developer/Library/Frameworks",
					"$(inherited)",
				);
				GCC_PREPROCESSOR_DEFINITIONS = (
					"DEBUG=1",
					"$(inherited)",
				);
				INFOPLIST_FILE = tipsTests/Info.plist;
				LD_RUNPATH_SEARCH_PATHS = "$(inherited) @executable_path/Frameworks @loader_path/Frameworks";
				PRODUCT_NAME = "$(TARGET_NAME)";
				TEST_HOST = "$(BUILT_PRODUCTS_DIR)/tips.app/tips";
			};
			name = Debug;
		};
		75603C821A8062B000D5577D /* Release */ = {
			isa = XCBuildConfiguration;
			buildSettings = {
				BUNDLE_LOADER = "$(TEST_HOST)";
				FRAMEWORK_SEARCH_PATHS = (
					"$(SDKROOT)/Developer/Library/Frameworks",
					"$(inherited)",
				);
				INFOPLIST_FILE = tipsTests/Info.plist;
				LD_RUNPATH_SEARCH_PATHS = "$(inherited) @executable_path/Frameworks @loader_path/Frameworks";
				PRODUCT_NAME = "$(TARGET_NAME)";
				TEST_HOST = "$(BUILT_PRODUCTS_DIR)/tips.app/tips";
			};
			name = Release;
		};
/* End XCBuildConfiguration section */

/* Begin XCConfigurationList section */
		75603C591A8062AD00D5577D /* Build configuration list for PBXProject "tips" */ = {
			isa = XCConfigurationList;
			buildConfigurations = (
				75603C7B1A8062B000D5577D /* Debug */,
				75603C7C1A8062B000D5577D /* Release */,
			);
			defaultConfigurationIsVisible = 0;
			defaultConfigurationName = Release;
		};
		75603C7D1A8062B000D5577D /* Build configuration list for PBXNativeTarget "tips" */ = {
			isa = XCConfigurationList;
			buildConfigurations = (
				75603C7E1A8062B000D5577D /* Debug */,
				75603C7F1A8062B000D5577D /* Release */,
			);
			defaultConfigurationIsVisible = 0;
			defaultConfigurationName = Release;
		};
		75603C801A8062B000D5577D /* Build configuration list for PBXNativeTarget "tipsTests" */ = {
			isa = XCConfigurationList;
			buildConfigurations = (
				75603C811A8062B000D5577D /* Debug */,
				75603C821A8062B000D5577D /* Release */,
			);
			defaultConfigurationIsVisible = 0;
			defaultConfigurationName = Release;
		};
/* End XCConfigurationList section */
	};
	rootObject = 75603C561A8062AD00D5577D /* Project object */;
}
